
Microsoft Visual Studio Solution File, Format Version 12.00
# Visual Studio 14
VisualStudioVersion = 14.0.25123.0
MinimumVisualStudioVersion = 10.0.40219.1
Project("{FAE04EC0-301F-11D3-BF4B-00C04F79EFBC}") = "Swagg.Api", "Swagg.Api\Swagg.Api.csproj", "{4F1FCFA7-A731-4DB4-A7CE-4366AA84CFEC}"
EndProject
Project("{FAE04EC0-301F-11D3-BF4B-00C04F79EFBC}") = "Swagg.Api.Tests", "Swagg.Api.Tests\Swagg.Api.Tests.csproj", "{9FA6EE38-79CE-4FE7-A071-8925FA0BB284}"
EndProject
Global
	GlobalSection(SolutionConfigurationPlatforms) = preSolution
		Debug|Any CPU = Debug|Any CPU
		Release|Any CPU = Release|Any CPU
	EndGlobalSection
	GlobalSection(ProjectConfigurationPlatforms) = postSolution
		{4F1FCFA7-A731-4DB4-A7CE-4366AA84CFEC}.Debug|Any CPU.ActiveCfg = Debug|Any CPU
		{4F1FCFA7-A731-4DB4-A7CE-4366AA84CFEC}.Debug|Any CPU.Build.0 = Debug|Any CPU
		{4F1FCFA7-A731-4DB4-A7CE-4366AA84CFEC}.Release|Any CPU.ActiveCfg = Release|Any CPU
		{4F1FCFA7-A731-4DB4-A7CE-4366AA84CFEC}.Release|Any CPU.Build.0 = Release|Any CPU
		{9FA6EE38-79CE-4FE7-A071-8925FA0BB284}.Debug|Any CPU.ActiveCfg = Debug|Any CPU
		{9FA6EE38-79CE-4FE7-A071-8925FA0BB284}.Debug|Any CPU.Build.0 = Debug|Any CPU
		{9FA6EE38-79CE-4FE7-A071-8925FA0BB284}.Release|Any CPU.ActiveCfg = Release|Any CPU
		{9FA6EE38-79CE-4FE7-A071-8925FA0BB284}.Release|Any CPU.Build.0 = Release|Any CPU
	EndGlobalSection
	GlobalSection(SolutionProperties) = preSolution
		HideSolutionNode = FALSE
	EndGlobalSection
EndGlobal
